// !$*UTF8*$!
{
	archiveVersion = 1;
	classes = {
	};
	objectVersion = 55;
	objects = {

/* Begin PBXBuildFile section */
		EC1A141F28363DBB00AB7399 /* AppDelegate.swift in Sources */ = {isa = PBXBuildFile; fileRef = EC1A141E28363DBB00AB7399 /* AppDelegate.swift */; };
		EC1A142128363DBB00AB7399 /* SceneDelegate.swift in Sources */ = {isa = PBXBuildFile; fileRef = EC1A142028363DBB00AB7399 /* SceneDelegate.swift */; };
		EC1A142328363DBB00AB7399 /* FoodsPageViewController.swift in Sources */ = {isa = PBXBuildFile; fileRef = EC1A142228363DBB00AB7399 /* FoodsPageViewController.swift */; };
		EC1A142628363DBB00AB7399 /* Main.storyboard in Resources */ = {isa = PBXBuildFile; fileRef = EC1A142428363DBB00AB7399 /* Main.storyboard */; };
		EC1A142828363DBC00AB7399 /* Assets.xcassets in Resources */ = {isa = PBXBuildFile; fileRef = EC1A142728363DBC00AB7399 /* Assets.xcassets */; };
		EC1A142B28363DBC00AB7399 /* LaunchScreen.storyboard in Resources */ = {isa = PBXBuildFile; fileRef = EC1A142928363DBC00AB7399 /* LaunchScreen.storyboard */; };
		EC1A14392836479900AB7399 /* FoodCollectionViewCell.swift in Sources */ = {isa = PBXBuildFile; fileRef = EC1A14382836479900AB7399 /* FoodCollectionViewCell.swift */; };
		EC1A14432837B54000AB7399 /* FoodsPresenter.swift in Sources */ = {isa = PBXBuildFile; fileRef = EC1A14422837B54000AB7399 /* FoodsPresenter.swift */; };
		EC1A14452837B54C00AB7399 /* FoodsInteractor.swift in Sources */ = {isa = PBXBuildFile; fileRef = EC1A14442837B54C00AB7399 /* FoodsInteractor.swift */; };
		EC1A14492837B57500AB7399 /* FoodsProtocols.swift in Sources */ = {isa = PBXBuildFile; fileRef = EC1A14482837B57500AB7399 /* FoodsProtocols.swift */; };
		EC1A144C2837B70E00AB7399 /* Foods.swift in Sources */ = {isa = PBXBuildFile; fileRef = EC1A144B2837B70E00AB7399 /* Foods.swift */; };
		EC1A144E2837B9C300AB7399 /* FoodsRouter.swift in Sources */ = {isa = PBXBuildFile; fileRef = EC1A144D2837B9C300AB7399 /* FoodsRouter.swift */; };
		EC1A14522837C16C00AB7399 /* Constants.swift in Sources */ = {isa = PBXBuildFile; fileRef = EC1A14512837C16C00AB7399 /* Constants.swift */; };
		EC1A14562838FF1300AB7399 /* FoodsResponse.swift in Sources */ = {isa = PBXBuildFile; fileRef = EC1A14552838FF1300AB7399 /* FoodsResponse.swift */; };
		EC1A14592839094900AB7399 /* Kingfisher in Frameworks */ = {isa = PBXBuildFile; productRef = EC1A14582839094900AB7399 /* Kingfisher */; };
		EC1A14612839163500AB7399 /* FoodDetailPresenter.swift in Sources */ = {isa = PBXBuildFile; fileRef = EC1A14602839163500AB7399 /* FoodDetailPresenter.swift */; };
		EC1A14632839164400AB7399 /* FoodDetailInteractor.swift in Sources */ = {isa = PBXBuildFile; fileRef = EC1A14622839164400AB7399 /* FoodDetailInteractor.swift */; };
		EC1A14652839165000AB7399 /* FoodDetailRouter.swift in Sources */ = {isa = PBXBuildFile; fileRef = EC1A14642839165000AB7399 /* FoodDetailRouter.swift */; };
		EC1A14672839165D00AB7399 /* FoodDetailProtocols.swift in Sources */ = {isa = PBXBuildFile; fileRef = EC1A14662839165C00AB7399 /* FoodDetailProtocols.swift */; };
		EC1A1469283D7EC100AB7399 /* FoodDetailViewController.swift in Sources */ = {isa = PBXBuildFile; fileRef = EC1A1468283D7EC100AB7399 /* FoodDetailViewController.swift */; };
		EC1A146B283E728600AB7399 /* FoodsInCart.swift in Sources */ = {isa = PBXBuildFile; fileRef = EC1A146A283E728600AB7399 /* FoodsInCart.swift */; };
		EC1A146D283E729600AB7399 /* FoodsInCartResponse.swift in Sources */ = {isa = PBXBuildFile; fileRef = EC1A146C283E729600AB7399 /* FoodsInCartResponse.swift */; };
		EC1A1476283E76EE00AB7399 /* MyCartViewController.swift in Sources */ = {isa = PBXBuildFile; fileRef = EC1A1475283E76EE00AB7399 /* MyCartViewController.swift */; };
		EC1A1478283E770100AB7399 /* MyCartRouter.swift in Sources */ = {isa = PBXBuildFile; fileRef = EC1A1477283E770100AB7399 /* MyCartRouter.swift */; };
		EC1A147A283E770B00AB7399 /* MyCartProtocols.swift in Sources */ = {isa = PBXBuildFile; fileRef = EC1A1479283E770B00AB7399 /* MyCartProtocols.swift */; };
		EC1A147C283E775A00AB7399 /* MyCartTableViewCell.swift in Sources */ = {isa = PBXBuildFile; fileRef = EC1A147B283E775A00AB7399 /* MyCartTableViewCell.swift */; };
		EC1A147E283E776900AB7399 /* MyCartInteractor.swift in Sources */ = {isa = PBXBuildFile; fileRef = EC1A147D283E776900AB7399 /* MyCartInteractor.swift */; };
		EC1A1480283E777400AB7399 /* MyCartPresenter.swift in Sources */ = {isa = PBXBuildFile; fileRef = EC1A147F283E777400AB7399 /* MyCartPresenter.swift */; };
		EC1A1482283FD3A200AB7399 /* AddFoodToCartResponse.swift in Sources */ = {isa = PBXBuildFile; fileRef = EC1A1481283FD3A200AB7399 /* AddFoodToCartResponse.swift */; };
		EC1A1484283FDB2900AB7399 /* DeleteFromCartResponse.swift in Sources */ = {isa = PBXBuildFile; fileRef = EC1A1483283FDB2900AB7399 /* DeleteFromCartResponse.swift */; };
/* End PBXBuildFile section */

/* Begin PBXFileReference section */
		EC1A141B28363DBA00AB7399 /* FoodApp.app */ = {isa = PBXFileReference; explicitFileType = wrapper.application; includeInIndex = 0; path = FoodApp.app; sourceTree = BUILT_PRODUCTS_DIR; };
		EC1A141E28363DBB00AB7399 /* AppDelegate.swift */ = {isa = PBXFileReference; lastKnownFileType = sourcecode.swift; path = AppDelegate.swift; sourceTree = "<group>"; };
		EC1A142028363DBB00AB7399 /* SceneDelegate.swift */ = {isa = PBXFileReference; lastKnownFileType = sourcecode.swift; path = SceneDelegate.swift; sourceTree = "<group>"; };
		EC1A142228363DBB00AB7399 /* FoodsPageViewController.swift */ = {isa = PBXFileReference; lastKnownFileType = sourcecode.swift; path = FoodsPageViewController.swift; sourceTree = "<group>"; };
		EC1A142528363DBB00AB7399 /* Base */ = {isa = PBXFileReference; lastKnownFileType = file.storyboard; name = Base; path = Base.lproj/Main.storyboard; sourceTree = "<group>"; };
		EC1A142728363DBC00AB7399 /* Assets.xcassets */ = {isa = PBXFileReference; lastKnownFileType = folder.assetcatalog; path = Assets.xcassets; sourceTree = "<group>"; };
		EC1A142A28363DBC00AB7399 /* Base */ = {isa = PBXFileReference; lastKnownFileType = file.storyboard; name = Base; path = Base.lproj/LaunchScreen.storyboard; sourceTree = "<group>"; };
		EC1A142C28363DBC00AB7399 /* Info.plist */ = {isa = PBXFileReference; lastKnownFileType = text.plist.xml; path = Info.plist; sourceTree = "<group>"; };
		EC1A14382836479900AB7399 /* FoodCollectionViewCell.swift */ = {isa = PBXFileReference; lastKnownFileType = sourcecode.swift; path = FoodCollectionViewCell.swift; sourceTree = "<group>"; };
		EC1A14422837B54000AB7399 /* FoodsPresenter.swift */ = {isa = PBXFileReference; lastKnownFileType = sourcecode.swift; path = FoodsPresenter.swift; sourceTree = "<group>"; };
		EC1A14442837B54C00AB7399 /* FoodsInteractor.swift */ = {isa = PBXFileReference; lastKnownFileType = sourcecode.swift; path = FoodsInteractor.swift; sourceTree = "<group>"; };
		EC1A14482837B57500AB7399 /* FoodsProtocols.swift */ = {isa = PBXFileReference; lastKnownFileType = sourcecode.swift; path = FoodsProtocols.swift; sourceTree = "<group>"; };
		EC1A144B2837B70E00AB7399 /* Foods.swift */ = {isa = PBXFileReference; lastKnownFileType = sourcecode.swift; path = Foods.swift; sourceTree = "<group>"; };
		EC1A144D2837B9C300AB7399 /* FoodsRouter.swift */ = {isa = PBXFileReference; lastKnownFileType = sourcecode.swift; path = FoodsRouter.swift; sourceTree = "<group>"; };
		EC1A14512837C16C00AB7399 /* Constants.swift */ = {isa = PBXFileReference; lastKnownFileType = sourcecode.swift; path = Constants.swift; sourceTree = "<group>"; };
		EC1A14552838FF1300AB7399 /* FoodsResponse.swift */ = {isa = PBXFileReference; lastKnownFileType = sourcecode.swift; path = FoodsResponse.swift; sourceTree = "<group>"; };
		EC1A14602839163500AB7399 /* FoodDetailPresenter.swift */ = {isa = PBXFileReference; lastKnownFileType = sourcecode.swift; path = FoodDetailPresenter.swift; sourceTree = "<group>"; };
		EC1A14622839164400AB7399 /* FoodDetailInteractor.swift */ = {isa = PBXFileReference; lastKnownFileType = sourcecode.swift; path = FoodDetailInteractor.swift; sourceTree = "<group>"; };
		EC1A14642839165000AB7399 /* FoodDetailRouter.swift */ = {isa = PBXFileReference; lastKnownFileType = sourcecode.swift; path = FoodDetailRouter.swift; sourceTree = "<group>"; };
		EC1A14662839165C00AB7399 /* FoodDetailProtocols.swift */ = {isa = PBXFileReference; lastKnownFileType = sourcecode.swift; path = FoodDetailProtocols.swift; sourceTree = "<group>"; };
		EC1A1468283D7EC100AB7399 /* FoodDetailViewController.swift */ = {isa = PBXFileReference; lastKnownFileType = sourcecode.swift; path = FoodDetailViewController.swift; sourceTree = "<group>"; };
		EC1A146A283E728600AB7399 /* FoodsInCart.swift */ = {isa = PBXFileReference; lastKnownFileType = sourcecode.swift; path = FoodsInCart.swift; sourceTree = "<group>"; };
		EC1A146C283E729600AB7399 /* FoodsInCartResponse.swift */ = {isa = PBXFileReference; lastKnownFileType = sourcecode.swift; path = FoodsInCartResponse.swift; sourceTree = "<group>"; };
		EC1A1475283E76EE00AB7399 /* MyCartViewController.swift */ = {isa = PBXFileReference; lastKnownFileType = sourcecode.swift; path = MyCartViewController.swift; sourceTree = "<group>"; };
		EC1A1477283E770100AB7399 /* MyCartRouter.swift */ = {isa = PBXFileReference; lastKnownFileType = sourcecode.swift; path = MyCartRouter.swift; sourceTree = "<group>"; };
		EC1A1479283E770B00AB7399 /* MyCartProtocols.swift */ = {isa = PBXFileReference; lastKnownFileType = sourcecode.swift; path = MyCartProtocols.swift; sourceTree = "<group>"; };
		EC1A147B283E775A00AB7399 /* MyCartTableViewCell.swift */ = {isa = PBXFileReference; lastKnownFileType = sourcecode.swift; path = MyCartTableViewCell.swift; sourceTree = "<group>"; };
		EC1A147D283E776900AB7399 /* MyCartInteractor.swift */ = {isa = PBXFileReference; lastKnownFileType = sourcecode.swift; path = MyCartInteractor.swift; sourceTree = "<group>"; };
		EC1A147F283E777400AB7399 /* MyCartPresenter.swift */ = {isa = PBXFileReference; lastKnownFileType = sourcecode.swift; path = MyCartPresenter.swift; sourceTree = "<group>"; };
		EC1A1481283FD3A200AB7399 /* AddFoodToCartResponse.swift */ = {isa = PBXFileReference; lastKnownFileType = sourcecode.swift; path = AddFoodToCartResponse.swift; sourceTree = "<group>"; };
		EC1A1483283FDB2900AB7399 /* DeleteFromCartResponse.swift */ = {isa = PBXFileReference; lastKnownFileType = sourcecode.swift; path = DeleteFromCartResponse.swift; sourceTree = "<group>"; };
/* End PBXFileReference section */

/* Begin PBXFrameworksBuildPhase section */
		EC1A141828363DBA00AB7399 /* Frameworks */ = {
			isa = PBXFrameworksBuildPhase;
			buildActionMask = 2147483647;
			files = (
				EC1A14592839094900AB7399 /* Kingfisher in Frameworks */,
			);
			runOnlyForDeploymentPostprocessing = 0;
		};
/* End PBXFrameworksBuildPhase section */

/* Begin PBXGroup section */
		EC1A141228363DBA00AB7399 = {
			isa = PBXGroup;
			children = (
				EC1A141D28363DBB00AB7399 /* FoodApp */,
				EC1A141C28363DBA00AB7399 /* Products */,
			);
			sourceTree = "<group>";
		};
		EC1A141C28363DBA00AB7399 /* Products */ = {
			isa = PBXGroup;
			children = (
				EC1A141B28363DBA00AB7399 /* FoodApp.app */,
			);
			name = Products;
			sourceTree = "<group>";
		};
		EC1A141D28363DBB00AB7399 /* FoodApp */ = {
			isa = PBXGroup;
			children = (
				EC1A146E283E766800AB7399 /* cart-module */,
				EC1A145A2839153600AB7399 /* food-detail-module */,
				EC1A144A2837B6F400AB7399 /* entity */,
				EC1A143B2837B43E00AB7399 /* foods-module */,
				EC1A141E28363DBB00AB7399 /* AppDelegate.swift */,
				EC1A142028363DBB00AB7399 /* SceneDelegate.swift */,
				EC1A142428363DBB00AB7399 /* Main.storyboard */,
				EC1A142728363DBC00AB7399 /* Assets.xcassets */,
				EC1A142928363DBC00AB7399 /* LaunchScreen.storyboard */,
				EC1A142C28363DBC00AB7399 /* Info.plist */,
				EC1A14512837C16C00AB7399 /* Constants.swift */,
			);
			path = FoodApp;
			sourceTree = "<group>";
		};
		EC1A143B2837B43E00AB7399 /* foods-module */ = {
			isa = PBXGroup;
			children = (
				EC1A14412837B51700AB7399 /* view */,
				EC1A14402837B50F00AB7399 /* presenter */,
				EC1A143F2837B50600AB7399 /* interactor */,
				EC1A143E2837B50100AB7399 /* router */,
				EC1A143D2837B4F700AB7399 /* protocols */,
				EC1A143C2837B4E400AB7399 /* collectionview */,
			);
			path = "foods-module";
			sourceTree = "<group>";
		};
		EC1A143C2837B4E400AB7399 /* collectionview */ = {
			isa = PBXGroup;
			children = (
				EC1A14382836479900AB7399 /* FoodCollectionViewCell.swift */,
			);
			path = collectionview;
			sourceTree = "<group>";
		};
		EC1A143D2837B4F700AB7399 /* protocols */ = {
			isa = PBXGroup;
			children = (
				EC1A14482837B57500AB7399 /* FoodsProtocols.swift */,
			);
			path = protocols;
			sourceTree = "<group>";
		};
		EC1A143E2837B50100AB7399 /* router */ = {
			isa = PBXGroup;
			children = (
				EC1A144D2837B9C300AB7399 /* FoodsRouter.swift */,
			);
			path = router;
			sourceTree = "<group>";
		};
		EC1A143F2837B50600AB7399 /* interactor */ = {
			isa = PBXGroup;
			children = (
				EC1A14442837B54C00AB7399 /* FoodsInteractor.swift */,
			);
			path = interactor;
			sourceTree = "<group>";
		};
		EC1A14402837B50F00AB7399 /* presenter */ = {
			isa = PBXGroup;
			children = (
				EC1A14422837B54000AB7399 /* FoodsPresenter.swift */,
			);
			path = presenter;
			sourceTree = "<group>";
		};
		EC1A14412837B51700AB7399 /* view */ = {
			isa = PBXGroup;
			children = (
				EC1A142228363DBB00AB7399 /* FoodsPageViewController.swift */,
			);
			path = view;
			sourceTree = "<group>";
		};
		EC1A144A2837B6F400AB7399 /* entity */ = {
			isa = PBXGroup;
			children = (
				EC1A144B2837B70E00AB7399 /* Foods.swift */,
				EC1A14552838FF1300AB7399 /* FoodsResponse.swift */,
				EC1A146A283E728600AB7399 /* FoodsInCart.swift */,
				EC1A146C283E729600AB7399 /* FoodsInCartResponse.swift */,
				EC1A1481283FD3A200AB7399 /* AddFoodToCartResponse.swift */,
				EC1A1483283FDB2900AB7399 /* DeleteFromCartResponse.swift */,
			);
			path = entity;
			sourceTree = "<group>";
		};
		EC1A145A2839153600AB7399 /* food-detail-module */ = {
			isa = PBXGroup;
			children = (
				EC1A145F2839161B00AB7399 /* protocols */,
				EC1A145E2839161500AB7399 /* router */,
				EC1A145D2839160800AB7399 /* interactor */,
				EC1A145C283915FE00AB7399 /* presenter */,
				EC1A145B283915F800AB7399 /* view */,
			);
			path = "food-detail-module";
			sourceTree = "<group>";
		};
		EC1A145B283915F800AB7399 /* view */ = {
			isa = PBXGroup;
			children = (
				EC1A1468283D7EC100AB7399 /* FoodDetailViewController.swift */,
			);
			path = view;
			sourceTree = "<group>";
		};
		EC1A145C283915FE00AB7399 /* presenter */ = {
			isa = PBXGroup;
			children = (
				EC1A14602839163500AB7399 /* FoodDetailPresenter.swift */,
			);
			path = presenter;
			sourceTree = "<group>";
		};
		EC1A145D2839160800AB7399 /* interactor */ = {
			isa = PBXGroup;
			children = (
				EC1A14622839164400AB7399 /* FoodDetailInteractor.swift */,
			);
			path = interactor;
			sourceTree = "<group>";
		};
		EC1A145E2839161500AB7399 /* router */ = {
			isa = PBXGroup;
			children = (
				EC1A14642839165000AB7399 /* FoodDetailRouter.swift */,
			);
			path = router;
			sourceTree = "<group>";
		};
		EC1A145F2839161B00AB7399 /* protocols */ = {
			isa = PBXGroup;
			children = (
				EC1A14662839165C00AB7399 /* FoodDetailProtocols.swift */,
			);
			path = protocols;
			sourceTree = "<group>";
		};
		EC1A146E283E766800AB7399 /* cart-module */ = {
			isa = PBXGroup;
			children = (
				EC1A1474283E76AC00AB7399 /* presenter */,
				EC1A1473283E76A400AB7399 /* interactor */,
				EC1A1472283E769A00AB7399 /* tableview */,
				EC1A1471283E768F00AB7399 /* protocols */,
				EC1A1470283E768700AB7399 /* router */,
				EC1A146F283E767E00AB7399 /* view */,
			);
			path = "cart-module";
			sourceTree = "<group>";
		};
		EC1A146F283E767E00AB7399 /* view */ = {
			isa = PBXGroup;
			children = (
				EC1A1475283E76EE00AB7399 /* MyCartViewController.swift */,
			);
			path = view;
			sourceTree = "<group>";
		};
		EC1A1470283E768700AB7399 /* router */ = {
			isa = PBXGroup;
			children = (
				EC1A1477283E770100AB7399 /* MyCartRouter.swift */,
			);
			path = router;
			sourceTree = "<group>";
		};
		EC1A1471283E768F00AB7399 /* protocols */ = {
			isa = PBXGroup;
			children = (
				EC1A1479283E770B00AB7399 /* MyCartProtocols.swift */,
			);
			path = protocols;
			sourceTree = "<group>";
		};
		EC1A1472283E769A00AB7399 /* tableview */ = {
			isa = PBXGroup;
			children = (
				EC1A147B283E775A00AB7399 /* MyCartTableViewCell.swift */,
			);
			path = tableview;
			sourceTree = "<group>";
		};
		EC1A1473283E76A400AB7399 /* interactor */ = {
			isa = PBXGroup;
			children = (
				EC1A147D283E776900AB7399 /* MyCartInteractor.swift */,
			);
			path = interactor;
			sourceTree = "<group>";
		};
		EC1A1474283E76AC00AB7399 /* presenter */ = {
			isa = PBXGroup;
			children = (
				EC1A147F283E777400AB7399 /* MyCartPresenter.swift */,
			);
			path = presenter;
			sourceTree = "<group>";
		};
/* End PBXGroup section */

/* Begin PBXNativeTarget section */
		EC1A141A28363DBA00AB7399 /* FoodApp */ = {
			isa = PBXNativeTarget;
			buildConfigurationList = EC1A142F28363DBC00AB7399 /* Build configuration list for PBXNativeTarget "FoodApp" */;
			buildPhases = (
				EC1A141728363DBA00AB7399 /* Sources */,
				EC1A141828363DBA00AB7399 /* Frameworks */,
				EC1A141928363DBA00AB7399 /* Resources */,
			);
			buildRules = (
			);
			dependencies = (
			);
			name = FoodApp;
			packageProductDependencies = (
				EC1A14582839094900AB7399 /* Kingfisher */,
			);
			productName = FoodApp;
			productReference = EC1A141B28363DBA00AB7399 /* FoodApp.app */;
			productType = "com.apple.product-type.application";
		};
/* End PBXNativeTarget section */

/* Begin PBXProject section */
		EC1A141328363DBA00AB7399 /* Project object */ = {
			isa = PBXProject;
			attributes = {
				BuildIndependentTargetsInParallel = 1;
				LastSwiftUpdateCheck = 1320;
				LastUpgradeCheck = 1320;
				TargetAttributes = {
					EC1A141A28363DBA00AB7399 = {
						CreatedOnToolsVersion = 13.2.1;
					};
				};
			};
			buildConfigurationList = EC1A141628363DBA00AB7399 /* Build configuration list for PBXProject "FoodApp" */;
			compatibilityVersion = "Xcode 13.0";
			developmentRegion = en;
			hasScannedForEncodings = 0;
			knownRegions = (
				en,
				Base,
			);
			mainGroup = EC1A141228363DBA00AB7399;
			packageReferences = (
				EC1A14572839094900AB7399 /* XCRemoteSwiftPackageReference "Kingfisher" */,
			);
			productRefGroup = EC1A141C28363DBA00AB7399 /* Products */;
			projectDirPath = "";
			projectRoot = "";
			targets = (
				EC1A141A28363DBA00AB7399 /* FoodApp */,
			);
		};
/* End PBXProject section */

/* Begin PBXResourcesBuildPhase section */
		EC1A141928363DBA00AB7399 /* Resources */ = {
			isa = PBXResourcesBuildPhase;
			buildActionMask = 2147483647;
			files = (
				EC1A142B28363DBC00AB7399 /* LaunchScreen.storyboard in Resources */,
				EC1A142828363DBC00AB7399 /* Assets.xcassets in Resources */,
				EC1A142628363DBB00AB7399 /* Main.storyboard in Resources */,
			);
			runOnlyForDeploymentPostprocessing = 0;
		};
/* End PBXResourcesBuildPhase section */

/* Begin PBXSourcesBuildPhase section */
		EC1A141728363DBA00AB7399 /* Sources */ = {
			isa = PBXSourcesBuildPhase;
			buildActionMask = 2147483647;
			files = (
				EC1A142328363DBB00AB7399 /* FoodsPageViewController.swift in Sources */,
				EC1A1484283FDB2900AB7399 /* DeleteFromCartResponse.swift in Sources */,
				EC1A1480283E777400AB7399 /* MyCartPresenter.swift in Sources */,
				EC1A144C2837B70E00AB7399 /* Foods.swift in Sources */,
				EC1A141F28363DBB00AB7399 /* AppDelegate.swift in Sources */,
				EC1A14432837B54000AB7399 /* FoodsPresenter.swift in Sources */,
				EC1A1469283D7EC100AB7399 /* FoodDetailViewController.swift in Sources */,
				EC1A14492837B57500AB7399 /* FoodsProtocols.swift in Sources */,
				EC1A14632839164400AB7399 /* FoodDetailInteractor.swift in Sources */,
				EC1A142128363DBB00AB7399 /* SceneDelegate.swift in Sources */,
				EC1A14562838FF1300AB7399 /* FoodsResponse.swift in Sources */,
				EC1A146B283E728600AB7399 /* FoodsInCart.swift in Sources */,
				EC1A1478283E770100AB7399 /* MyCartRouter.swift in Sources */,
				EC1A144E2837B9C300AB7399 /* FoodsRouter.swift in Sources */,
				EC1A147A283E770B00AB7399 /* MyCartProtocols.swift in Sources */,
				EC1A1476283E76EE00AB7399 /* MyCartViewController.swift in Sources */,
				EC1A147C283E775A00AB7399 /* MyCartTableViewCell.swift in Sources */,
				EC1A14612839163500AB7399 /* FoodDetailPresenter.swift in Sources */,
				EC1A14672839165D00AB7399 /* FoodDetailProtocols.swift in Sources */,
				EC1A14392836479900AB7399 /* FoodCollectionViewCell.swift in Sources */,
				EC1A146D283E729600AB7399 /* FoodsInCartResponse.swift in Sources */,
				EC1A147E283E776900AB7399 /* MyCartInteractor.swift in Sources */,
				EC1A14452837B54C00AB7399 /* FoodsInteractor.swift in Sources */,
				EC1A1482283FD3A200AB7399 /* AddFoodToCartResponse.swift in Sources */,
				EC1A14652839165000AB7399 /* FoodDetailRouter.swift in Sources */,
				EC1A14522837C16C00AB7399 /* Constants.swift in Sources */,
			);
			runOnlyForDeploymentPostprocessing = 0;
		};
/* End PBXSourcesBuildPhase section */

/* Begin PBXVariantGroup section */
		EC1A142428363DBB00AB7399 /* Main.storyboard */ = {
			isa = PBXVariantGroup;
			children = (
				EC1A142528363DBB00AB7399 /* Base */,
			);
			name = Main.storyboard;
			sourceTree = "<group>";
		};
		EC1A142928363DBC00AB7399 /* LaunchScreen.storyboard */ = {
			isa = PBXVariantGroup;
			children = (
				EC1A142A28363DBC00AB7399 /* Base */,
			);
			name = LaunchScreen.storyboard;
			sourceTree = "<group>";
		};
/* End PBXVariantGroup section */

/* Begin XCBuildConfiguration section */
		EC1A142D28363DBC00AB7399 /* Debug */ = {
			isa = XCBuildConfiguration;
			buildSettings = {
				ALWAYS_SEARCH_USER_PATHS = NO;
				CLANG_ANALYZER_NONNULL = YES;
				CLANG_ANALYZER_NUMBER_OBJECT_CONVERSION = YES_AGGRESSIVE;
				CLANG_CXX_LANGUAGE_STANDARD = "gnu++17";
				CLANG_CXX_LIBRARY = "libc++";
				CLANG_ENABLE_MODULES = YES;
				CLANG_ENABLE_OBJC_ARC = YES;
				CLANG_ENABLE_OBJC_WEAK = YES;
				CLANG_WARN_BLOCK_CAPTURE_AUTORELEASING = YES;
				CLANG_WARN_BOOL_CONVERSION = YES;
				CLANG_WARN_COMMA = YES;
				CLANG_WARN_CONSTANT_CONVERSION = YES;
				CLANG_WARN_DEPRECATED_OBJC_IMPLEMENTATIONS = YES;
				CLANG_WARN_DIRECT_OBJC_ISA_USAGE = YES_ERROR;
				CLANG_WARN_DOCUMENTATION_COMMENTS = YES;
				CLANG_WARN_EMPTY_BODY = YES;
				CLANG_WARN_ENUM_CONVERSION = YES;
				CLANG_WARN_INFINITE_RECURSION = YES;
				CLANG_WARN_INT_CONVERSION = YES;
				CLANG_WARN_NON_LITERAL_NULL_CONVERSION = YES;
				CLANG_WARN_OBJC_IMPLICIT_RETAIN_SELF = YES;
				CLANG_WARN_OBJC_LITERAL_CONVERSION = YES;
				CLANG_WARN_OBJC_ROOT_CLASS = YES_ERROR;
				CLANG_WARN_QUOTED_INCLUDE_IN_FRAMEWORK_HEADER = YES;
				CLANG_WARN_RANGE_LOOP_ANALYSIS = YES;
				CLANG_WARN_STRICT_PROTOTYPES = YES;
				CLANG_WARN_SUSPICIOUS_MOVE = YES;
				CLANG_WARN_UNGUARDED_AVAILABILITY = YES_AGGRESSIVE;
				CLANG_WARN_UNREACHABLE_CODE = YES;
				CLANG_WARN__DUPLICATE_METHOD_MATCH = YES;
				COPY_PHASE_STRIP = NO;
				DEBUG_INFORMATION_FORMAT = dwarf;
				ENABLE_STRICT_OBJC_MSGSEND = YES;
				ENABLE_TESTABILITY = YES;
				GCC_C_LANGUAGE_STANDARD = gnu11;
				GCC_DYNAMIC_NO_PIC = NO;
				GCC_NO_COMMON_BLOCKS = YES;
				GCC_OPTIMIZATION_LEVEL = 0;
				GCC_PREPROCESSOR_DEFINITIONS = (
					"DEBUG=1",
					"$(inherited)",
				);
				GCC_WARN_64_TO_32_BIT_CONVERSION = YES;
				GCC_WARN_ABOUT_RETURN_TYPE = YES_ERROR;
				GCC_WARN_UNDECLARED_SELECTOR = YES;
				GCC_WARN_UNINITIALIZED_AUTOS = YES_AGGRESSIVE;
				GCC_WARN_UNUSED_FUNCTION = YES;
				GCC_WARN_UNUSED_VARIABLE = YES;
				IPHONEOS_DEPLOYMENT_TARGET = 15.2;
				MTL_ENABLE_DEBUG_INFO = INCLUDE_SOURCE;
				MTL_FAST_MATH = YES;
				ONLY_ACTIVE_ARCH = YES;
				SDKROOT = iphoneos;
				SWIFT_ACTIVE_COMPILATION_CONDITIONS = DEBUG;
				SWIFT_OPTIMIZATION_LEVEL = "-Onone";
			};
			name = Debug;
		};
		EC1A142E28363DBC00AB7399 /* Release */ = {
			isa = XCBuildConfiguration;
			buildSettings = {
				ALWAYS_SEARCH_USER_PATHS = NO;
				CLANG_ANALYZER_NONNULL = YES;
				CLANG_ANALYZER_NUMBER_OBJECT_CONVERSION = YES_AGGRESSIVE;
				CLANG_CXX_LANGUAGE_STANDARD = "gnu++17";
				CLANG_CXX_LIBRARY = "libc++";
				CLANG_ENABLE_MODULES = YES;
				CLANG_ENABLE_OBJC_ARC = YES;
				CLANG_ENABLE_OBJC_WEAK = YES;
				CLANG_WARN_BLOCK_CAPTURE_AUTORELEASING = YES;
				CLANG_WARN_BOOL_CONVERSION = YES;
				CLANG_WARN_COMMA = YES;
				CLANG_WARN_CONSTANT_CONVERSION = YES;
				CLANG_WARN_DEPRECATED_OBJC_IMPLEMENTATIONS = YES;
				CLANG_WARN_DIRECT_OBJC_ISA_USAGE = YES_ERROR;
				CLANG_WARN_DOCUMENTATION_COMMENTS = YES;
				CLANG_WARN_EMPTY_BODY = YES;
				CLANG_WARN_ENUM_CONVERSION = YES;
				CLANG_WARN_INFINITE_RECURSION = YES;
				CLANG_WARN_INT_CONVERSION = YES;
				CLANG_WARN_NON_LITERAL_NULL_CONVERSION = YES;
				CLANG_WARN_OBJC_IMPLICIT_RETAIN_SELF = YES;
				CLANG_WARN_OBJC_LITERAL_CONVERSION = YES;
				CLANG_WARN_OBJC_ROOT_CLASS = YES_ERROR;
				CLANG_WARN_QUOTED_INCLUDE_IN_FRAMEWORK_HEADER = YES;
				CLANG_WARN_RANGE_LOOP_ANALYSIS = YES;
				CLANG_WARN_STRICT_PROTOTYPES = YES;
				CLANG_WARN_SUSPICIOUS_MOVE = YES;
				CLANG_WARN_UNGUARDED_AVAILABILITY = YES_AGGRESSIVE;
				CLANG_WARN_UNREACHABLE_CODE = YES;
				CLANG_WARN__DUPLICATE_METHOD_MATCH = YES;
				COPY_PHASE_STRIP = NO;
				DEBUG_INFORMATION_FORMAT = "dwarf-with-dsym";
				ENABLE_NS_ASSERTIONS = NO;
				ENABLE_STRICT_OBJC_MSGSEND = YES;
				GCC_C_LANGUAGE_STANDARD = gnu11;
				GCC_NO_COMMON_BLOCKS = YES;
				GCC_WARN_64_TO_32_BIT_CONVERSION = YES;
				GCC_WARN_ABOUT_RETURN_TYPE = YES_ERROR;
				GCC_WARN_UNDECLARED_SELECTOR = YES;
				GCC_WARN_UNINITIALIZED_AUTOS = YES_AGGRESSIVE;
				GCC_WARN_UNUSED_FUNCTION = YES;
				GCC_WARN_UNUSED_VARIABLE = YES;
				IPHONEOS_DEPLOYMENT_TARGET = 15.2;
				MTL_ENABLE_DEBUG_INFO = NO;
				MTL_FAST_MATH = YES;
				SDKROOT = iphoneos;
				SWIFT_COMPILATION_MODE = wholemodule;
				SWIFT_OPTIMIZATION_LEVEL = "-O";
				VALIDATE_PRODUCT = YES;
			};
			name = Release;
		};
		EC1A143028363DBC00AB7399 /* Debug */ = {
			isa = XCBuildConfiguration;
			buildSettings = {
				ASSETCATALOG_COMPILER_APPICON_NAME = AppIcon;
				ASSETCATALOG_COMPILER_GLOBAL_ACCENT_COLOR_NAME = AccentColor;
				CODE_SIGN_STYLE = Automatic;
				CURRENT_PROJECT_VERSION = 1;
				DEVELOPMENT_TEAM = XB78NA6QB9;
				GENERATE_INFOPLIST_FILE = YES;
				INFOPLIST_FILE = FoodApp/Info.plist;
				INFOPLIST_KEY_UIApplicationSupportsIndirectInputEvents = YES;
				INFOPLIST_KEY_UILaunchStoryboardName = LaunchScreen;
				INFOPLIST_KEY_UIMainStoryboardFile = Main;
				INFOPLIST_KEY_UISupportedInterfaceOrientations_iPad = "UIInterfaceOrientationPortrait UIInterfaceOrientationPortraitUpsideDown UIInterfaceOrientationLandscapeLeft UIInterfaceOrientationLandscapeRight";
				INFOPLIST_KEY_UISupportedInterfaceOrientations_iPhone = "UIInterfaceOrientationPortrait UIInterfaceOrientationLandscapeLeft UIInterfaceOrientationLandscapeRight";
				LD_RUNPATH_SEARCH_PATHS = (
					"$(inherited)",
					"@executable_path/Frameworks",
				);
				MARKETING_VERSION = 1.0;
				PRODUCT_BUNDLE_IDENTIFIER = co.ayrisgurbulak.FoodApp;
				PRODUCT_NAME = "$(TARGET_NAME)";
				SWIFT_EMIT_LOC_STRINGS = YES;
				SWIFT_VERSION = 5.0;
				TARGETED_DEVICE_FAMILY = "1,2";
			};
			name = Debug;
		};
		EC1A143128363DBC00AB7399 /* Release */ = {
			isa = XCBuildConfiguration;
			buildSettings = {
				ASSETCATALOG_COMPILER_APPICON_NAME = AppIcon;
				ASSETCATALOG_COMPILER_GLOBAL_ACCENT_COLOR_NAME = AccentColor;
				CODE_SIGN_STYLE = Automatic;
				CURRENT_PROJECT_VERSION = 1;
				DEVELOPMENT_TEAM = XB78NA6QB9;
				GENERATE_INFOPLIST_FILE = YES;
				INFOPLIST_FILE = FoodApp/Info.plist;
				INFOPLIST_KEY_UIApplicationSupportsIndirectInputEvents = YES;
				INFOPLIST_KEY_UILaunchStoryboardName = LaunchScreen;
				INFOPLIST_KEY_UIMainStoryboardFile = Main;
				INFOPLIST_KEY_UISupportedInterfaceOrientations_iPad = "UIInterfaceOrientationPortrait UIInterfaceOrientationPortraitUpsideDown UIInterfaceOrientationLandscapeLeft UIInterfaceOrientationLandscapeRight";
				INFOPLIST_KEY_UISupportedInterfaceOrientations_iPhone = "UIInterfaceOrientationPortrait UIInterfaceOrientationLandscapeLeft UIInterfaceOrientationLandscapeRight";
				LD_RUNPATH_SEARCH_PATHS = (
					"$(inherited)",
					"@executable_path/Frameworks",
				);
				MARKETING_VERSION = 1.0;
				PRODUCT_BUNDLE_IDENTIFIER = co.ayrisgurbulak.FoodApp;
				PRODUCT_NAME = "$(TARGET_NAME)";
				SWIFT_EMIT_LOC_STRINGS = YES;
				SWIFT_VERSION = 5.0;
				TARGETED_DEVICE_FAMILY = "1,2";
			};
			name = Release;
		};
/* End XCBuildConfiguration section */

/* Begin XCConfigurationList section */
		EC1A141628363DBA00AB7399 /* Build configuration list for PBXProject "FoodApp" */ = {
			isa = XCConfigurationList;
			buildConfigurations = (
				EC1A142D28363DBC00AB7399 /* Debug */,
				EC1A142E28363DBC00AB7399 /* Release */,
			);
			defaultConfigurationIsVisible = 0;
			defaultConfigurationName = Release;
		};
		EC1A142F28363DBC00AB7399 /* Build configuration list for PBXNativeTarget "FoodApp" */ = {
			isa = XCConfigurationList;
			buildConfigurations = (
				EC1A143028363DBC00AB7399 /* Debug */,
				EC1A143128363DBC00AB7399 /* Release */,
			);
			defaultConfigurationIsVisible = 0;
			defaultConfigurationName = Release;
		};
/* End XCConfigurationList section */

/* Begin XCRemoteSwiftPackageReference section */
		EC1A14572839094900AB7399 /* XCRemoteSwiftPackageReference "Kingfisher" */ = {
			isa = XCRemoteSwiftPackageReference;
			repositoryURL = "https://github.com/onevcat/Kingfisher";
			requirement = {
				branch = master;
				kind = branch;
			};
		};
/* End XCRemoteSwiftPackageReference section */

/* Begin XCSwiftPackageProductDependency section */
		EC1A14582839094900AB7399 /* Kingfisher */ = {
			isa = XCSwiftPackageProductDependency;
			package = EC1A14572839094900AB7399 /* XCRemoteSwiftPackageReference "Kingfisher" */;
			productName = Kingfisher;
		};
/* End XCSwiftPackageProductDependency section */
	};
	rootObject = EC1A141328363DBA00AB7399 /* Project object */;
}
